Microsoft Visual Studio Solution File, Format Version 12.00
# Visual Studio 16
Project("{2150E333-8FDC-42A3-9474-1A3956D46DE8}") = "CMakePredefinedTargets", "CMakePredefinedTargets", "{864F7676-431C-30F2-9252-A6B6D994FCA2}"
EndProject
Project("{2150E333-8FDC-42A3-9474-1A3956D46DE8}") = "GLFW3", "GLFW3", "{B3AD3F8E-B08F-3EBE-A860-8471C92EB46A}"
EndProject
Project("{8BC9CEB8-8B4A-11D0-8D11-00A0C91BC942}") = "ALL_BUILD", "ALL_BUILD.vcxproj", "{6BE2EF1F-9D7A-3AA3-8B70-52A6CB4A63B8}"
	ProjectSection(ProjectDependencies) = postProject
		{A868D1F1-DC7D-3AD0-A5F9-774C87415687} = {A868D1F1-DC7D-3AD0-A5F9-774C87415687}
		{783BEDD5-5FE2-3238-8152-B63EEBCFDC82} = {783BEDD5-5FE2-3238-8152-B63EEBCFDC82}
		{00021D9A-68D7-37BC-9118-6FDE578ACF28} = {00021D9A-68D7-37BC-9118-6FDE578ACF28}
	EndProjectSection
EndProject
Project("{8BC9CEB8-8B4A-11D0-8D11-00A0C91BC942}") = "INSTALL", "INSTALL.vcxproj", "{B8D6EA8E-6508-34C4-886C-F64EF0F748E9}"
	ProjectSection(ProjectDependencies) = postProject
		{6BE2EF1F-9D7A-3AA3-8B70-52A6CB4A63B8} = {6BE2EF1F-9D7A-3AA3-8B70-52A6CB4A63B8}
		{A868D1F1-DC7D-3AD0-A5F9-774C87415687} = {A868D1F1-DC7D-3AD0-A5F9-774C87415687}
	EndProjectSection
EndProject
Project("{8BC9CEB8-8B4A-11D0-8D11-00A0C91BC942}") = "ZERO_CHECK", "ZERO_CHECK.vcxproj", "{A868D1F1-DC7D-3AD0-A5F9-774C87415687}"
	ProjectSection(ProjectDependencies) = postProject
	EndProjectSection
EndProject
Project("{8BC9CEB8-8B4A-11D0-8D11-00A0C91BC942}") = "glfw", "_build-glfw-3.3\src\glfw.vcxproj", "{783BEDD5-5FE2-3238-8152-B63EEBCFDC82}"
	ProjectSection(ProjectDependencies) = postProject
		{A868D1F1-DC7D-3AD0-A5F9-774C87415687} = {A868D1F1-DC7D-3AD0-A5F9-774C87415687}
	EndProjectSection
EndProject
Project("{8BC9CEB8-8B4A-11D0-8D11-00A0C91BC942}") = "opengl-demo", "opengl-demo.vcxproj", "{00021D9A-68D7-37BC-9118-6FDE578ACF28}"
	ProjectSection(ProjectDependencies) = postProject
		{A868D1F1-DC7D-3AD0-A5F9-774C87415687} = {A868D1F1-DC7D-3AD0-A5F9-774C87415687}
	EndProjectSection
EndProject
Project("{8BC9CEB8-8B4A-11D0-8D11-00A0C91BC942}") = "uninstall", "_build-glfw-3.3\uninstall.vcxproj", "{E2B76F7C-3FB8-3E92-BAFB-7A34ABFA318F}"
	ProjectSection(ProjectDependencies) = postProject
		{A868D1F1-DC7D-3AD0-A5F9-774C87415687} = {A868D1F1-DC7D-3AD0-A5F9-774C87415687}
	EndProjectSection
EndProject
Global
	GlobalSection(SolutionConfigurationPlatforms) = preSolution
		Debug|x64 = Debug|x64
		Release|x64 = Release|x64
		MinSizeRel|x64 = MinSizeRel|x64
		RelWithDebInfo|x64 = RelWithDebInfo|x64
	EndGlobalSection
	GlobalSection(ProjectConfigurationPlatforms) = postSolution
		{6BE2EF1F-9D7A-3AA3-8B70-52A6CB4A63B8}.Debug|x64.ActiveCfg = Debug|x64
		{6BE2EF1F-9D7A-3AA3-8B70-52A6CB4A63B8}.Debug|x64.Build.0 = Debug|x64
		{6BE2EF1F-9D7A-3AA3-8B70-52A6CB4A63B8}.Release|x64.ActiveCfg = Release|x64
		{6BE2EF1F-9D7A-3AA3-8B70-52A6CB4A63B8}.Release|x64.Build.0 = Release|x64
		{6BE2EF1F-9D7A-3AA3-8B70-52A6CB4A63B8}.MinSizeRel|x64.ActiveCfg = MinSizeRel|x64
		{6BE2EF1F-9D7A-3AA3-8B70-52A6CB4A63B8}.MinSizeRel|x64.Build.0 = MinSizeRel|x64
		{6BE2EF1F-9D7A-3AA3-8B70-52A6CB4A63B8}.RelWithDebInfo|x64.ActiveCfg = RelWithDebInfo|x64
		{6BE2EF1F-9D7A-3AA3-8B70-52A6CB4A63B8}.RelWithDebInfo|x64.Build.0 = RelWithDebInfo|x64
		{B8D6EA8E-6508-34C4-886C-F64EF0F748E9}.Debug|x64.ActiveCfg = Debug|x64
		{B8D6EA8E-6508-34C4-886C-F64EF0F748E9}.Release|x64.ActiveCfg = Release|x64
		{B8D6EA8E-6508-34C4-886C-F64EF0F748E9}.MinSizeRel|x64.ActiveCfg = MinSizeRel|x64
		{B8D6EA8E-6508-34C4-886C-F64EF0F748E9}.RelWithDebInfo|x64.ActiveCfg = RelWithDebInfo|x64
		{A868D1F1-DC7D-3AD0-A5F9-774C87415687}.Debug|x64.ActiveCfg = Debug|x64
		{A868D1F1-DC7D-3AD0-A5F9-774C87415687}.Debug|x64.Build.0 = Debug|x64
		{A868D1F1-DC7D-3AD0-A5F9-774C87415687}.Release|x64.ActiveCfg = Release|x64
		{A868D1F1-DC7D-3AD0-A5F9-774C87415687}.Release|x64.Build.0 = Release|x64
		{A868D1F1-DC7D-3AD0-A5F9-774C87415687}.MinSizeRel|x64.ActiveCfg = MinSizeRel|x64
		{A868D1F1-DC7D-3AD0-A5F9-774C87415687}.MinSizeRel|x64.Build.0 = MinSizeRel|x64
		{A868D1F1-DC7D-3AD0-A5F9-774C87415687}.RelWithDebInfo|x64.ActiveCfg = RelWithDebInfo|x64
		{A868D1F1-DC7D-3AD0-A5F9-774C87415687}.RelWithDebInfo|x64.Build.0 = RelWithDebInfo|x64
		{783BEDD5-5FE2-3238-8152-B63EEBCFDC82}.Debug|x64.ActiveCfg = Debug|x64
		{783BEDD5-5FE2-3238-8152-B63EEBCFDC82}.Debug|x64.Build.0 = Debug|x64
		{783BEDD5-5FE2-3238-8152-B63EEBCFDC82}.Release|x64.ActiveCfg = Release|x64
		{783BEDD5-5FE2-3238-8152-B63EEBCFDC82}.Release|x64.Build.0 = Release|x64
		{783BEDD5-5FE2-3238-8152-B63EEBCFDC82}.MinSizeRel|x64.ActiveCfg = MinSizeRel|x64
		{783BEDD5-5FE2-3238-8152-B63EEBCFDC82}.MinSizeRel|x64.Build.0 = MinSizeRel|x64
		{783BEDD5-5FE2-3238-8152-B63EEBCFDC82}.RelWithDebInfo|x64.ActiveCfg = RelWithDebInfo|x64
		{783BEDD5-5FE2-3238-8152-B63EEBCFDC82}.RelWithDebInfo|x64.Build.0 = RelWithDebInfo|x64
		{00021D9A-68D7-37BC-9118-6FDE578ACF28}.Debug|x64.ActiveCfg = Debug|x64
		{00021D9A-68D7-37BC-9118-6FDE578ACF28}.Debug|x64.Build.0 = Debug|x64
		{00021D9A-68D7-37BC-9118-6FDE578ACF28}.Release|x64.ActiveCfg = Release|x64
		{00021D9A-68D7-37BC-9118-6FDE578ACF28}.Release|x64.Build.0 = Release|x64
		{00021D9A-68D7-37BC-9118-6FDE578ACF28}.MinSizeRel|x64.ActiveCfg = MinSizeRel|x64
		{00021D9A-68D7-37BC-9118-6FDE578ACF28}.MinSizeRel|x64.Build.0 = MinSizeRel|x64
		{00021D9A-68D7-37BC-9118-6FDE578ACF28}.RelWithDebInfo|x64.ActiveCfg = RelWithDebInfo|x64
		{00021D9A-68D7-37BC-9118-6FDE578ACF28}.RelWithDebInfo|x64.Build.0 = RelWithDebInfo|x64
		{E2B76F7C-3FB8-3E92-BAFB-7A34ABFA318F}.Debug|x64.ActiveCfg = Debug|x64
		{E2B76F7C-3FB8-3E92-BAFB-7A34ABFA318F}.Release|x64.ActiveCfg = Release|x64
		{E2B76F7C-3FB8-3E92-BAFB-7A34ABFA318F}.MinSizeRel|x64.ActiveCfg = MinSizeRel|x64
		{E2B76F7C-3FB8-3E92-BAFB-7A34ABFA318F}.RelWithDebInfo|x64.ActiveCfg = RelWithDebInfo|x64
	EndGlobalSection
	GlobalSection(NestedProjects) = preSolution
		{6BE2EF1F-9D7A-3AA3-8B70-52A6CB4A63B8} = {864F7676-431C-30F2-9252-A6B6D994FCA2}
		{B8D6EA8E-6508-34C4-886C-F64EF0F748E9} = {864F7676-431C-30F2-9252-A6B6D994FCA2}
		{A868D1F1-DC7D-3AD0-A5F9-774C87415687} = {864F7676-431C-30F2-9252-A6B6D994FCA2}
		{783BEDD5-5FE2-3238-8152-B63EEBCFDC82} = {B3AD3F8E-B08F-3EBE-A860-8471C92EB46A}
		{E2B76F7C-3FB8-3E92-BAFB-7A34ABFA318F} = {B3AD3F8E-B08F-3EBE-A860-8471C92EB46A}
	EndGlobalSection
	GlobalSection(ExtensibilityGlobals) = postSolution
		SolutionGuid = {75D04B0C-3AD3-3005-B0A1-D864910C34DF}
	EndGlobalSection
	GlobalSection(ExtensibilityAddIns) = postSolution
	EndGlobalSection
EndGlobal
